
Microsoft Visual Studio Solution File, Format Version 12.00
# Visual Studio 15
VisualStudioVersion = 15.0.28307.168
MinimumVisualStudioVersion = 10.0.40219.1
Project("{FAE04EC0-301F-11D3-BF4B-00C04F79EFBC}") = "OpenXmlUtil", "OpenXmlUtil\OpenXmlUtil.csproj", "{9174ADA3-30BC-494D-8BEF-D132576D3531}"
EndProject
Project("{FAE04EC0-301F-11D3-BF4B-00C04F79EFBC}") = "TestOpenXmlUtil", "TestOpenXmlUtil\TestOpenXmlUtil.csproj", "{A322D86B-BD1D-4D3B-B91C-5CC980841BEB}"
EndProject
Global
	GlobalSection(SolutionConfigurationPlatforms) = preSolution
		Debug|Any CPU = Debug|Any CPU
		Release|Any CPU = Release|Any CPU
	EndGlobalSection
	GlobalSection(ProjectConfigurationPlatforms) = postSolution
		{9174ADA3-30BC-494D-8BEF-D132576D3531}.Debug|Any CPU.ActiveCfg = Debug|Any CPU
		{9174ADA3-30BC-494D-8BEF-D132576D3531}.Debug|Any CPU.Build.0 = Debug|Any CPU
		{9174ADA3-30BC-494D-8BEF-D132576D3531}.Release|Any CPU.ActiveCfg = Release|Any CPU
		{9174ADA3-30BC-494D-8BEF-D132576D3531}.Release|Any CPU.Build.0 = Release|Any CPU
		{A322D86B-BD1D-4D3B-B91C-5CC980841BEB}.Debug|Any CPU.ActiveCfg = Debug|Any CPU
		{A322D86B-BD1D-4D3B-B91C-5CC980841BEB}.Debug|Any CPU.Build.0 = Debug|Any CPU
		{A322D86B-BD1D-4D3B-B91C-5CC980841BEB}.Release|Any CPU.ActiveCfg = Release|Any CPU
		{A322D86B-BD1D-4D3B-B91C-5CC980841BEB}.Release|Any CPU.Build.0 = Release|Any CPU
	EndGlobalSection
	GlobalSection(SolutionProperties) = preSolution
		HideSolutionNode = FALSE
	EndGlobalSection
	GlobalSection(ExtensibilityGlobals) = postSolution
		SolutionGuid = {7EDE3737-DBE4-4B84-B84B-6B4CD89CE2B3}
	EndGlobalSection
EndGlobal
